Microsoft Visual Studio Solution File, Format Version 12.00
# Visual Studio 15
VisualStudioVersion = 15.0.27130.2020
MinimumVisualStudioVersion = 15.0.26124.0
Project("{9A19103F-16F7-4668-BE54-9A1E7A4F7556}") = "MacroSystem", "MacroSystem\MacroSystem.csproj", "{7C2D7D47-3718-4D2B-BE57-2276C06E7F34}"
EndProject
Project("{9A19103F-16F7-4668-BE54-9A1E7A4F7556}") = "MacroSystem.Tests", "MacroSystem.Tests\MacroSystem.Tests.csproj", "{9B751A3A-681C-4F69-8903-3A2C66D74338}"
EndProject
Global
	GlobalSection(SolutionConfigurationPlatforms) = preSolution
		Debug|Any CPU = Debug|Any CPU
		Debug|x64 = Debug|x64
		Debug|x86 = Debug|x86
		Release|Any CPU = Release|Any CPU
		Release|x64 = Release|x64
		Release|x86 = Release|x86
	EndGlobalSection
	GlobalSection(ProjectConfigurationPlatforms) = postSolution
		{7C2D7D47-3718-4D2B-BE57-2276C06E7F34}.Debug|Any CPU.ActiveCfg = Debug|Any CPU
		{7C2D7D47-3718-4D2B-BE57-2276C06E7F34}.Debug|Any CPU.Build.0 = Debug|Any CPU
		{7C2D7D47-3718-4D2B-BE57-2276C06E7F34}.Debug|x64.ActiveCfg = Debug|Any CPU
		{7C2D7D47-3718-4D2B-BE57-2276C06E7F34}.Debug|x64.Build.0 = Debug|Any CPU
		{7C2D7D47-3718-4D2B-BE57-2276C06E7F34}.Debug|x86.ActiveCfg = Debug|Any CPU
		{7C2D7D47-3718-4D2B-BE57-2276C06E7F34}.Debug|x86.Build.0 = Debug|Any CPU
		{7C2D7D47-3718-4D2B-BE57-2276C06E7F34}.Release|Any CPU.ActiveCfg = Release|Any CPU
		{7C2D7D47-3718-4D2B-BE57-2276C06E7F34}.Release|Any CPU.Build.0 = Release|Any CPU
		{7C2D7D47-3718-4D2B-BE57-2276C06E7F34}.Release|x64.ActiveCfg = Release|Any CPU
		{7C2D7D47-3718-4D2B-BE57-2276C06E7F34}.Release|x64.Build.0 = Release|Any CPU
		{7C2D7D47-3718-4D2B-BE57-2276C06E7F34}.Release|x86.ActiveCfg = Release|Any CPU
		{7C2D7D47-3718-4D2B-BE57-2276C06E7F34}.Release|x86.Build.0 = Release|Any CPU
		{9B751A3A-681C-4F69-8903-3A2C66D74338}.Debug|Any CPU.ActiveCfg = Debug|Any CPU
		{9B751A3A-681C-4F69-8903-3A2C66D74338}.Debug|Any CPU.Build.0 = Debug|Any CPU
		{9B751A3A-681C-4F69-8903-3A2C66D74338}.Debug|x64.ActiveCfg = Debug|Any CPU
		{9B751A3A-681C-4F69-8903-3A2C66D74338}.Debug|x64.Build.0 = Debug|Any CPU
		{9B751A3A-681C-4F69-8903-3A2C66D74338}.Debug|x86.ActiveCfg = Debug|Any CPU
		{9B751A3A-681C-4F69-8903-3A2C66D74338}.Debug|x86.Build.0 = Debug|Any CPU
		{9B751A3A-681C-4F69-8903-3A2C66D74338}.Release|Any CPU.ActiveCfg = Release|Any CPU
		{9B751A3A-681C-4F69-8903-3A2C66D74338}.Release|Any CPU.Build.0 = Release|Any CPU
		{9B751A3A-681C-4F69-8903-3A2C66D74338}.Release|x64.ActiveCfg = Release|Any CPU
		{9B751A3A-681C-4F69-8903-3A2C66D74338}.Release|x64.Build.0 = Release|Any CPU
		{9B751A3A-681C-4F69-8903-3A2C66D74338}.Release|x86.ActiveCfg = Release|Any CPU
		{9B751A3A-681C-4F69-8903-3A2C66D74338}.Release|x86.Build.0 = Release|Any CPU
	EndGlobalSection
	GlobalSection(SolutionProperties) = preSolution
		HideSolutionNode = FALSE
	EndGlobalSection
	GlobalSection(ExtensibilityGlobals) = postSolution
		SolutionGuid = {34D99B08-ED0C-45B0-84C9-D78E9C0B2A4A}
	EndGlobalSection
EndGlobal
